
Microsoft Visual Studio Solution File, Format Version 12.00
# Visual Studio Version 17
VisualStudioVersion = 17.2.32519.379
MinimumVisualStudioVersion = 10.0.40219.1
Project("{FAE04EC0-301F-11D3-BF4B-00C04F79EFBC}") = "Exercise", "Exercise\Exercise.csproj", "{9C4846E8-2D42-4BCE-B1A4-C79081FCB372}"
EndProject
Global
	GlobalSection(SolutionConfigurationPlatforms) = preSolution
		Debug|Any CPU = Debug|Any CPU
		Release|Any CPU = Release|Any CPU
	EndGlobalSection
	GlobalSection(ProjectConfigurationPlatforms) = postSolution
		{9C4846E8-2D42-4BCE-B1A4-C79081FCB372}.Debug|Any CPU.ActiveCfg = Debug|Any CPU
		{9C4846E8-2D42-4BCE-B1A4-C79081FCB372}.Debug|Any CPU.Build.0 = Debug|Any CPU
		{9C4846E8-2D42-4BCE-B1A4-C79081FCB372}.Release|Any CPU.ActiveCfg = Release|Any CPU
		{9C4846E8-2D42-4BCE-B1A4-C79081FCB372}.Release|Any CPU.Build.0 = Release|Any CPU
	EndGlobalSection
	GlobalSection(SolutionProperties) = preSolution
		HideSolutionNode = FALSE
	EndGlobalSection
	GlobalSection(ExtensibilityGlobals) = postSolution
		SolutionGuid = {8D12A6B7-B1FD-4D1D-98E3-15C1681BAFA8}
	EndGlobalSection
EndGlobal
